{
  "nodes": {
    "nixpkgs": {
      "locked": {
        "lastModified": 1662821606,
        "narHash": "sha256-Z9z9iSH+tgJ0iyRcBfEQRwELgjnhpVXsktiWiFe3SuY=",
        "path": "/nix/store/pbcwa8w0rrqpfjch7cjjyfnis4sqsz10-source",
        "rev": "93a0067a9c85c17764f7755947e6ecf52dc47d8a",
        "type": "path"
      },
      "original": {
        "id": "nixpkgs",
        "type": "indirect"
      }
    },
    "root": {
      "inputs": {
        "nixpkgs": "nixpkgs"
      }
    }
  },
  "root": "root",
  "version": 7
}
